
Microsoft Visual Studio Solution File, Format Version 12.00
# Visual Studio Version 17
VisualStudioVersion = 17.9.34607.119
MinimumVisualStudioVersion = 10.0.40219.1
Project("{8BC9CEB8-8B4A-11D0-8D11-00A0C91BC942}") = "ConsoleApplication9", "ConsoleApplication9\ConsoleApplication9.vcxproj", "{0A5928BA-C50A-460C-977D-5E4F689573CF}"
EndProject
Global
	GlobalSection(SolutionConfigurationPlatforms) = preSolution
		Debug|x64 = Debug|x64
		Debug|x86 = Debug|x86
		Release|x64 = Release|x64
		Release|x86 = Release|x86
	EndGlobalSection
	GlobalSection(ProjectConfigurationPlatforms) = postSolution
		{0A5928BA-C50A-460C-977D-5E4F689573CF}.Debug|x64.ActiveCfg = Debug|x64
		{0A5928BA-C50A-460C-977D-5E4F689573CF}.Debug|x64.Build.0 = Debug|x64
		{0A5928BA-C50A-460C-977D-5E4F689573CF}.Debug|x86.ActiveCfg = Debug|Win32
		{0A5928BA-C50A-460C-977D-5E4F689573CF}.Debug|x86.Build.0 = Debug|Win32
		{0A5928BA-C50A-460C-977D-5E4F689573CF}.Release|x64.ActiveCfg = Release|x64
		{0A5928BA-C50A-460C-977D-5E4F689573CF}.Release|x64.Build.0 = Release|x64
		{0A5928BA-C50A-460C-977D-5E4F689573CF}.Release|x86.ActiveCfg = Release|Win32
		{0A5928BA-C50A-460C-977D-5E4F689573CF}.Release|x86.Build.0 = Release|Win32
	EndGlobalSection
	GlobalSection(SolutionProperties) = preSolution
		HideSolutionNode = FALSE
	EndGlobalSection
	GlobalSection(ExtensibilityGlobals) = postSolution
		SolutionGuid = {AD4A0613-912E-442E-942B-EDCCC70A10B2}
	EndGlobalSection
EndGlobal
